
Microsoft Visual Studio Solution File, Format Version 12.00
# Visual Studio Version 17
VisualStudioVersion = 17.1.32421.90
MinimumVisualStudioVersion = 10.0.40219.1
Project("{2150E333-8FDC-42A3-9474-1A3956D46DE8}") = "HotelManagement", "HotelManagement", "{B61F2E8A-165E-45A2-A250-840FBC16CBE1}"
EndProject
Project("{2150E333-8FDC-42A3-9474-1A3956D46DE8}") = "ReservationManagement", "ReservationManagement", "{AA3CB582-0647-4836-BD9D-5E9889553985}"
EndProject
Project("{2150E333-8FDC-42A3-9474-1A3956D46DE8}") = "Core", "Core", "{FADF78F5-82D1-4523-A34C-63C714C13949}"
EndProject
Project("{2150E333-8FDC-42A3-9474-1A3956D46DE8}") = "UserAccountManagement", "UserAccountManagement", "{AE66E069-C8CB-4B25-957C-5A63241251B0}"
EndProject
Project("{9A19103F-16F7-4668-BE54-9A1E7A4F7556}") = "Hotel.Management.DataAccess", "HotelManagement\Hotel.Management.DataAccess\Hotel.Management.DataAccess.csproj", "{E773855F-4CC7-45AE-9E74-38D087385BB2}"
EndProject
Project("{9A19103F-16F7-4668-BE54-9A1E7A4F7556}") = "Hotel.Booking.Common.Contract", "Core\Hotel.Booking.Common.Contract\Hotel.Booking.Common.Contract.csproj", "{E0D7C6E9-5BD4-465C-8C71-669BA7E43DDE}"
EndProject
Project("{9A19103F-16F7-4668-BE54-9A1E7A4F7556}") = "Hotel.Booking.Common.Contract.EfImpl", "Core\Hotel.Booking.Common.Contract.EfImpl\Hotel.Booking.Common.Contract.EfImpl.csproj", "{21270C3E-D854-4240-B11C-A6A084D1879D}"
EndProject
Project("{9A19103F-16F7-4668-BE54-9A1E7A4F7556}") = "Hotel.Booking.Common.Constant", "Core\Hotel.Booking.Common.Constant\Hotel.Booking.Common.Constant.csproj", "{8116798C-3A99-4F83-811E-5D6BF73F9496}"
EndProject
Project("{9A19103F-16F7-4668-BE54-9A1E7A4F7556}") = "Hotel.Management.Model", "HotelManagement\Hotel.Management.Model\Hotel.Management.Model.csproj", "{EB06ABEC-DEDA-4FA2-AD21-62FDAD9C7BD0}"
EndProject
Project("{9A19103F-16F7-4668-BE54-9A1E7A4F7556}") = "Hotel.Management.Service", "HotelManagement\Hotel.Management.Service\Hotel.Management.Service.csproj", "{41B0852D-F092-4CBA-8AA8-2BAAB8F85AF6}"
EndProject
Project("{9A19103F-16F7-4668-BE54-9A1E7A4F7556}") = "Hotel.Booking.Common.Messaging", "Core\Hotel.Booking.Common.Messaging\Hotel.Booking.Common.Messaging.csproj", "{E0F26D7A-AC3F-46E3-98C9-83577E9B5319}"
EndProject
Project("{9A19103F-16F7-4668-BE54-9A1E7A4F7556}") = "Hotel.Management.Event.Processor", "HotelManagement\Hotel.Management.Event.Processor\Hotel.Management.Event.Processor.csproj", "{6158753A-59EA-4FC7-8D5B-63992F5DCBB1}"
EndProject
Project("{9A19103F-16F7-4668-BE54-9A1E7A4F7556}") = "Hotel.Booking.Common.Service", "Core\Hotel.Booking.Common.Service\Hotel.Booking.Common.Service.csproj", "{EBF9B7DF-482C-4881-A30E-F7BF061100D9}"
EndProject
Project("{9A19103F-16F7-4668-BE54-9A1E7A4F7556}") = "Hotel.Management.WebApi", "HotelManagement\Hotel.Management.WebApi\Hotel.Management.WebApi.csproj", "{10E5E629-6F8E-4C78-B1C8-52138D33C932}"
EndProject
Project("{9A19103F-16F7-4668-BE54-9A1E7A4F7556}") = "Reservation.Management.DataAccess", "ReservationManagement\Reservation.Management.DataAccess\Reservation.Management.DataAccess.csproj", "{2E90C619-15CF-4F75-80AC-150181B94079}"
EndProject
Project("{9A19103F-16F7-4668-BE54-9A1E7A4F7556}") = "Reservation.Management.WebApi", "ReservationManagement\Reservation.Management.WebApi\Reservation.Management.WebApi.csproj", "{78A58450-F5E7-4D40-B164-CD94C20DF304}"
EndProject
Project("{9A19103F-16F7-4668-BE54-9A1E7A4F7556}") = "Reservation.Management.Event.Processor", "ReservationManagement\Reservation.Management.Event.Processor\Reservation.Management.Event.Processor.csproj", "{51AB8166-5E80-4938-80D0-B8DC65F4829D}"
EndProject
Project("{9A19103F-16F7-4668-BE54-9A1E7A4F7556}") = "Reservation.Management.Service", "ReservationManagement\Reservation.Management.Service\Reservation.Management.Service.csproj", "{170A79D8-5BE4-4AA3-BB32-B9085B10E450}"
EndProject
Project("{9A19103F-16F7-4668-BE54-9A1E7A4F7556}") = "Reservation.Management.Model", "ReservationManagement\Reservation.Management.Model\Reservation.Management.Model.csproj", "{05A39B4B-16A9-4A55-80DD-C58C2C7C8F75}"
EndProject
Project("{9A19103F-16F7-4668-BE54-9A1E7A4F7556}") = "Reservation.Management.Service.Tests", "ReservationManagement\Reservation.Management.Service.Tests\Reservation.Management.Service.Tests.csproj", "{28A2B2AD-0EBC-4823-9025-79E0FFED6A24}"
EndProject
Project("{FAE04EC0-301F-11D3-BF4B-00C04F79EFBC}") = "Hotel.Booking.Common.WebApi.Middleware", "Core\Hotel.Booking.Common.WebApi.Middleware\Hotel.Booking.Common.WebApi.Middleware.csproj", "{D272A16D-E910-48E5-B93F-96E986707B85}"
EndProject
Project("{FAE04EC0-301F-11D3-BF4B-00C04F79EFBC}") = "UserAccount.Management.DataAccess", "UserAccountManagement\UserAccount.Management.DataAccess\UserAccount.Management.DataAccess.csproj", "{12BBE698-F0E5-4210-BAE5-6F9457F81A49}"
EndProject
Project("{9A19103F-16F7-4668-BE54-9A1E7A4F7556}") = "UserAccount.Management.Model", "UserAccountManagement\UserAccount.Management.Model\UserAccount.Management.Model.csproj", "{D9B8260A-F5B0-4007-AECB-65561A4D8162}"
EndProject
Project("{9A19103F-16F7-4668-BE54-9A1E7A4F7556}") = "UserAccount.Management.Service", "UserAccountManagement\UserAccount.Management.Service\UserAccount.Management.Service.csproj", "{22FCAC7E-8087-4E6A-8497-A28DA7EDD0C6}"
EndProject
Project("{9A19103F-16F7-4668-BE54-9A1E7A4F7556}") = "UserAccount.Management.Service.Tests", "UserAccountManagement\UserAccount.Management.Service.Tests\UserAccount.Management.Service.Tests.csproj", "{35B43D3D-2084-4EA5-BF96-99DD98519FB2}"
EndProject
Project("{9A19103F-16F7-4668-BE54-9A1E7A4F7556}") = "UserAccount.Management.Event.Processor", "UserAccountManagement\UserAccount.Management.Event.Processor\UserAccount.Management.Event.Processor.csproj", "{54B5494C-A46D-4550-91EC-4A2370F282C8}"
EndProject
Project("{9A19103F-16F7-4668-BE54-9A1E7A4F7556}") = "UserAccount.Management.WebApi", "UserAccountManagement\UserAccount.Management.WebApi\UserAccount.Management.WebApi.csproj", "{1E857223-241A-4D73-BA4C-18FC14507939}"
EndProject
Global
	GlobalSection(SolutionConfigurationPlatforms) = preSolution
		Debug|Any CPU = Debug|Any CPU
		Release|Any CPU = Release|Any CPU
	EndGlobalSection
	GlobalSection(ProjectConfigurationPlatforms) = postSolution
		{E773855F-4CC7-45AE-9E74-38D087385BB2}.Debug|Any CPU.ActiveCfg = Debug|Any CPU
		{E773855F-4CC7-45AE-9E74-38D087385BB2}.Debug|Any CPU.Build.0 = Debug|Any CPU
		{E773855F-4CC7-45AE-9E74-38D087385BB2}.Release|Any CPU.ActiveCfg = Release|Any CPU
		{E773855F-4CC7-45AE-9E74-38D087385BB2}.Release|Any CPU.Build.0 = Release|Any CPU
		{E0D7C6E9-5BD4-465C-8C71-669BA7E43DDE}.Debug|Any CPU.ActiveCfg = Debug|Any CPU
		{E0D7C6E9-5BD4-465C-8C71-669BA7E43DDE}.Debug|Any CPU.Build.0 = Debug|Any CPU
		{E0D7C6E9-5BD4-465C-8C71-669BA7E43DDE}.Release|Any CPU.ActiveCfg = Release|Any CPU
		{E0D7C6E9-5BD4-465C-8C71-669BA7E43DDE}.Release|Any CPU.Build.0 = Release|Any CPU
		{21270C3E-D854-4240-B11C-A6A084D1879D}.Debug|Any CPU.ActiveCfg = Debug|Any CPU
		{21270C3E-D854-4240-B11C-A6A084D1879D}.Debug|Any CPU.Build.0 = Debug|Any CPU
		{21270C3E-D854-4240-B11C-A6A084D1879D}.Release|Any CPU.ActiveCfg = Release|Any CPU
		{21270C3E-D854-4240-B11C-A6A084D1879D}.Release|Any CPU.Build.0 = Release|Any CPU
		{8116798C-3A99-4F83-811E-5D6BF73F9496}.Debug|Any CPU.ActiveCfg = Debug|Any CPU
		{8116798C-3A99-4F83-811E-5D6BF73F9496}.Debug|Any CPU.Build.0 = Debug|Any CPU
		{8116798C-3A99-4F83-811E-5D6BF73F9496}.Release|Any CPU.ActiveCfg = Release|Any CPU
		{8116798C-3A99-4F83-811E-5D6BF73F9496}.Release|Any CPU.Build.0 = Release|Any CPU
		{EB06ABEC-DEDA-4FA2-AD21-62FDAD9C7BD0}.Debug|Any CPU.ActiveCfg = Debug|Any CPU
		{EB06ABEC-DEDA-4FA2-AD21-62FDAD9C7BD0}.Debug|Any CPU.Build.0 = Debug|Any CPU
		{EB06ABEC-DEDA-4FA2-AD21-62FDAD9C7BD0}.Release|Any CPU.ActiveCfg = Release|Any CPU
		{EB06ABEC-DEDA-4FA2-AD21-62FDAD9C7BD0}.Release|Any CPU.Build.0 = Release|Any CPU
		{41B0852D-F092-4CBA-8AA8-2BAAB8F85AF6}.Debug|Any CPU.ActiveCfg = Debug|Any CPU
		{41B0852D-F092-4CBA-8AA8-2BAAB8F85AF6}.Debug|Any CPU.Build.0 = Debug|Any CPU
		{41B0852D-F092-4CBA-8AA8-2BAAB8F85AF6}.Release|Any CPU.ActiveCfg = Release|Any CPU
		{41B0852D-F092-4CBA-8AA8-2BAAB8F85AF6}.Release|Any CPU.Build.0 = Release|Any CPU
		{E0F26D7A-AC3F-46E3-98C9-83577E9B5319}.Debug|Any CPU.ActiveCfg = Debug|Any CPU
		{E0F26D7A-AC3F-46E3-98C9-83577E9B5319}.Debug|Any CPU.Build.0 = Debug|Any CPU
		{E0F26D7A-AC3F-46E3-98C9-83577E9B5319}.Release|Any CPU.ActiveCfg = Release|Any CPU
		{E0F26D7A-AC3F-46E3-98C9-83577E9B5319}.Release|Any CPU.Build.0 = Release|Any CPU
		{6158753A-59EA-4FC7-8D5B-63992F5DCBB1}.Debug|Any CPU.ActiveCfg = Debug|Any CPU
		{6158753A-59EA-4FC7-8D5B-63992F5DCBB1}.Debug|Any CPU.Build.0 = Debug|Any CPU
		{6158753A-59EA-4FC7-8D5B-63992F5DCBB1}.Release|Any CPU.ActiveCfg = Release|Any CPU
		{6158753A-59EA-4FC7-8D5B-63992F5DCBB1}.Release|Any CPU.Build.0 = Release|Any CPU
		{EBF9B7DF-482C-4881-A30E-F7BF061100D9}.Debug|Any CPU.ActiveCfg = Debug|Any CPU
		{EBF9B7DF-482C-4881-A30E-F7BF061100D9}.Debug|Any CPU.Build.0 = Debug|Any CPU
		{EBF9B7DF-482C-4881-A30E-F7BF061100D9}.Release|Any CPU.ActiveCfg = Release|Any CPU
		{EBF9B7DF-482C-4881-A30E-F7BF061100D9}.Release|Any CPU.Build.0 = Release|Any CPU
		{10E5E629-6F8E-4C78-B1C8-52138D33C932}.Debug|Any CPU.ActiveCfg = Debug|Any CPU
		{10E5E629-6F8E-4C78-B1C8-52138D33C932}.Debug|Any CPU.Build.0 = Debug|Any CPU
		{10E5E629-6F8E-4C78-B1C8-52138D33C932}.Release|Any CPU.ActiveCfg = Release|Any CPU
		{10E5E629-6F8E-4C78-B1C8-52138D33C932}.Release|Any CPU.Build.0 = Release|Any CPU
		{2E90C619-15CF-4F75-80AC-150181B94079}.Debug|Any CPU.ActiveCfg = Debug|Any CPU
		{2E90C619-15CF-4F75-80AC-150181B94079}.Debug|Any CPU.Build.0 = Debug|Any CPU
		{2E90C619-15CF-4F75-80AC-150181B94079}.Release|Any CPU.ActiveCfg = Release|Any CPU
		{2E90C619-15CF-4F75-80AC-150181B94079}.Release|Any CPU.Build.0 = Release|Any CPU
		{78A58450-F5E7-4D40-B164-CD94C20DF304}.Debug|Any CPU.ActiveCfg = Debug|Any CPU
		{78A58450-F5E7-4D40-B164-CD94C20DF304}.Debug|Any CPU.Build.0 = Debug|Any CPU
		{78A58450-F5E7-4D40-B164-CD94C20DF304}.Release|Any CPU.ActiveCfg = Release|Any CPU
		{78A58450-F5E7-4D40-B164-CD94C20DF304}.Release|Any CPU.Build.0 = Release|Any CPU
		{51AB8166-5E80-4938-80D0-B8DC65F4829D}.Debug|Any CPU.ActiveCfg = Debug|Any CPU
		{51AB8166-5E80-4938-80D0-B8DC65F4829D}.Debug|Any CPU.Build.0 = Debug|Any CPU
		{51AB8166-5E80-4938-80D0-B8DC65F4829D}.Release|Any CPU.ActiveCfg = Release|Any CPU
		{51AB8166-5E80-4938-80D0-B8DC65F4829D}.Release|Any CPU.Build.0 = Release|Any CPU
		{170A79D8-5BE4-4AA3-BB32-B9085B10E450}.Debug|Any CPU.ActiveCfg = Debug|Any CPU
		{170A79D8-5BE4-4AA3-BB32-B9085B10E450}.Debug|Any CPU.Build.0 = Debug|Any CPU
		{170A79D8-5BE4-4AA3-BB32-B9085B10E450}.Release|Any CPU.ActiveCfg = Release|Any CPU
		{170A79D8-5BE4-4AA3-BB32-B9085B10E450}.Release|Any CPU.Build.0 = Release|Any CPU
		{05A39B4B-16A9-4A55-80DD-C58C2C7C8F75}.Debug|Any CPU.ActiveCfg = Debug|Any CPU
		{05A39B4B-16A9-4A55-80DD-C58C2C7C8F75}.Debug|Any CPU.Build.0 = Debug|Any CPU
		{05A39B4B-16A9-4A55-80DD-C58C2C7C8F75}.Release|Any CPU.ActiveCfg = Release|Any CPU
		{05A39B4B-16A9-4A55-80DD-C58C2C7C8F75}.Release|Any CPU.Build.0 = Release|Any CPU
		{28A2B2AD-0EBC-4823-9025-79E0FFED6A24}.Debug|Any CPU.ActiveCfg = Debug|Any CPU
		{28A2B2AD-0EBC-4823-9025-79E0FFED6A24}.Debug|Any CPU.Build.0 = Debug|Any CPU
		{28A2B2AD-0EBC-4823-9025-79E0FFED6A24}.Release|Any CPU.ActiveCfg = Release|Any CPU
		{28A2B2AD-0EBC-4823-9025-79E0FFED6A24}.Release|Any CPU.Build.0 = Release|Any CPU
		{D272A16D-E910-48E5-B93F-96E986707B85}.Debug|Any CPU.ActiveCfg = Debug|Any CPU
		{D272A16D-E910-48E5-B93F-96E986707B85}.Debug|Any CPU.Build.0 = Debug|Any CPU
		{D272A16D-E910-48E5-B93F-96E986707B85}.Release|Any CPU.ActiveCfg = Release|Any CPU
		{D272A16D-E910-48E5-B93F-96E986707B85}.Release|Any CPU.Build.0 = Release|Any CPU
		{12BBE698-F0E5-4210-BAE5-6F9457F81A49}.Debug|Any CPU.ActiveCfg = Debug|Any CPU
		{12BBE698-F0E5-4210-BAE5-6F9457F81A49}.Debug|Any CPU.Build.0 = Debug|Any CPU
		{12BBE698-F0E5-4210-BAE5-6F9457F81A49}.Release|Any CPU.ActiveCfg = Release|Any CPU
		{12BBE698-F0E5-4210-BAE5-6F9457F81A49}.Release|Any CPU.Build.0 = Release|Any CPU
		{D9B8260A-F5B0-4007-AECB-65561A4D8162}.Debug|Any CPU.ActiveCfg = Debug|Any CPU
		{D9B8260A-F5B0-4007-AECB-65561A4D8162}.Debug|Any CPU.Build.0 = Debug|Any CPU
		{D9B8260A-F5B0-4007-AECB-65561A4D8162}.Release|Any CPU.ActiveCfg = Release|Any CPU
		{D9B8260A-F5B0-4007-AECB-65561A4D8162}.Release|Any CPU.Build.0 = Release|Any CPU
		{22FCAC7E-8087-4E6A-8497-A28DA7EDD0C6}.Debug|Any CPU.ActiveCfg = Debug|Any CPU
		{22FCAC7E-8087-4E6A-8497-A28DA7EDD0C6}.Debug|Any CPU.Build.0 = Debug|Any CPU
		{22FCAC7E-8087-4E6A-8497-A28DA7EDD0C6}.Release|Any CPU.ActiveCfg = Release|Any CPU
		{22FCAC7E-8087-4E6A-8497-A28DA7EDD0C6}.Release|Any CPU.Build.0 = Release|Any CPU
		{35B43D3D-2084-4EA5-BF96-99DD98519FB2}.Debug|Any CPU.ActiveCfg = Debug|Any CPU
		{35B43D3D-2084-4EA5-BF96-99DD98519FB2}.Debug|Any CPU.Build.0 = Debug|Any CPU
		{35B43D3D-2084-4EA5-BF96-99DD98519FB2}.Release|Any CPU.ActiveCfg = Release|Any CPU
		{35B43D3D-2084-4EA5-BF96-99DD98519FB2}.Release|Any CPU.Build.0 = Release|Any CPU
		{54B5494C-A46D-4550-91EC-4A2370F282C8}.Debug|Any CPU.ActiveCfg = Debug|Any CPU
		{54B5494C-A46D-4550-91EC-4A2370F282C8}.Debug|Any CPU.Build.0 = Debug|Any CPU
		{54B5494C-A46D-4550-91EC-4A2370F282C8}.Release|Any CPU.ActiveCfg = Release|Any CPU
		{54B5494C-A46D-4550-91EC-4A2370F282C8}.Release|Any CPU.Build.0 = Release|Any CPU
		{1E857223-241A-4D73-BA4C-18FC14507939}.Debug|Any CPU.ActiveCfg = Debug|Any CPU
		{1E857223-241A-4D73-BA4C-18FC14507939}.Debug|Any CPU.Build.0 = Debug|Any CPU
		{1E857223-241A-4D73-BA4C-18FC14507939}.Release|Any CPU.ActiveCfg = Release|Any CPU
		{1E857223-241A-4D73-BA4C-18FC14507939}.Release|Any CPU.Build.0 = Release|Any CPU
	EndGlobalSection
	GlobalSection(SolutionProperties) = preSolution
		HideSolutionNode = FALSE
	EndGlobalSection
	GlobalSection(NestedProjects) = preSolution
		{E773855F-4CC7-45AE-9E74-38D087385BB2} = {B61F2E8A-165E-45A2-A250-840FBC16CBE1}
		{E0D7C6E9-5BD4-465C-8C71-669BA7E43DDE} = {FADF78F5-82D1-4523-A34C-63C714C13949}
		{21270C3E-D854-4240-B11C-A6A084D1879D} = {FADF78F5-82D1-4523-A34C-63C714C13949}
		{8116798C-3A99-4F83-811E-5D6BF73F9496} = {FADF78F5-82D1-4523-A34C-63C714C13949}
		{EB06ABEC-DEDA-4FA2-AD21-62FDAD9C7BD0} = {B61F2E8A-165E-45A2-A250-840FBC16CBE1}
		{41B0852D-F092-4CBA-8AA8-2BAAB8F85AF6} = {B61F2E8A-165E-45A2-A250-840FBC16CBE1}
		{E0F26D7A-AC3F-46E3-98C9-83577E9B5319} = {FADF78F5-82D1-4523-A34C-63C714C13949}
		{6158753A-59EA-4FC7-8D5B-63992F5DCBB1} = {B61F2E8A-165E-45A2-A250-840FBC16CBE1}
		{EBF9B7DF-482C-4881-A30E-F7BF061100D9} = {FADF78F5-82D1-4523-A34C-63C714C13949}
		{10E5E629-6F8E-4C78-B1C8-52138D33C932} = {B61F2E8A-165E-45A2-A250-840FBC16CBE1}
		{2E90C619-15CF-4F75-80AC-150181B94079} = {AA3CB582-0647-4836-BD9D-5E9889553985}
		{78A58450-F5E7-4D40-B164-CD94C20DF304} = {AA3CB582-0647-4836-BD9D-5E9889553985}
		{51AB8166-5E80-4938-80D0-B8DC65F4829D} = {AA3CB582-0647-4836-BD9D-5E9889553985}
		{170A79D8-5BE4-4AA3-BB32-B9085B10E450} = {AA3CB582-0647-4836-BD9D-5E9889553985}
		{05A39B4B-16A9-4A55-80DD-C58C2C7C8F75} = {AA3CB582-0647-4836-BD9D-5E9889553985}
		{28A2B2AD-0EBC-4823-9025-79E0FFED6A24} = {AA3CB582-0647-4836-BD9D-5E9889553985}
		{D272A16D-E910-48E5-B93F-96E986707B85} = {FADF78F5-82D1-4523-A34C-63C714C13949}
		{12BBE698-F0E5-4210-BAE5-6F9457F81A49} = {AE66E069-C8CB-4B25-957C-5A63241251B0}
		{D9B8260A-F5B0-4007-AECB-65561A4D8162} = {AE66E069-C8CB-4B25-957C-5A63241251B0}
		{22FCAC7E-8087-4E6A-8497-A28DA7EDD0C6} = {AE66E069-C8CB-4B25-957C-5A63241251B0}
		{35B43D3D-2084-4EA5-BF96-99DD98519FB2} = {AE66E069-C8CB-4B25-957C-5A63241251B0}
		{54B5494C-A46D-4550-91EC-4A2370F282C8} = {AE66E069-C8CB-4B25-957C-5A63241251B0}
		{1E857223-241A-4D73-BA4C-18FC14507939} = {AE66E069-C8CB-4B25-957C-5A63241251B0}
	EndGlobalSection
	GlobalSection(ExtensibilityGlobals) = postSolution
		SolutionGuid = {B80A5646-3DA3-4AA8-B85E-D50493CE1F9D}
	EndGlobalSection
EndGlobal
